
Microsoft Visual Studio Solution File, Format Version 12.00
# Visual Studio Version 17
VisualStudioVersion = 17.9.34701.34
MinimumVisualStudioVersion = 10.0.40219.1
Project("{FAE04EC0-301F-11D3-BF4B-00C04F79EFBC}") = "Sport", "Sport.csproj", "{75489E1D-7D75-49E9-A943-CE15DB684430}"
EndProject
Global
	GlobalSection(SolutionConfigurationPlatforms) = preSolution
		Debug|Any CPU = Debug|Any CPU
		Release|Any CPU = Release|Any CPU
	EndGlobalSection
	GlobalSection(ProjectConfigurationPlatforms) = postSolution
		{75489E1D-7D75-49E9-A943-CE15DB684430}.Debug|Any CPU.ActiveCfg = Debug|Any CPU
		{75489E1D-7D75-49E9-A943-CE15DB684430}.Debug|Any CPU.Build.0 = Debug|Any CPU
		{75489E1D-7D75-49E9-A943-CE15DB684430}.Release|Any CPU.ActiveCfg = Release|Any CPU
		{75489E1D-7D75-49E9-A943-CE15DB684430}.Release|Any CPU.Build.0 = Release|Any CPU
	EndGlobalSection
	GlobalSection(SolutionProperties) = preSolution
		HideSolutionNode = FALSE
	EndGlobalSection
	GlobalSection(ExtensibilityGlobals) = postSolution
		SolutionGuid = {23741478-6980-4568-9216-894083DD0C21}
	EndGlobalSection
EndGlobal
